// !$*UTF8*$!
{
	archiveVersion = 1;
	classes = {
	};
	objectVersion = 46;
	objects = {

/* Begin PBXBuildFile section */
		872647C71C5DBDE4002DB68E /* AppDelegate.swift in Sources */ = {isa = PBXBuildFile; fileRef = 872647C61C5DBDE4002DB68E /* AppDelegate.swift */; };
		872647C91C5DBDE4002DB68E /* ViewController.swift in Sources */ = {isa = PBXBuildFile; fileRef = 872647C81C5DBDE4002DB68E /* ViewController.swift */; };
		872647CC1C5DBDE4002DB68E /* Main.storyboard in Resources */ = {isa = PBXBuildFile; fileRef = 872647CA1C5DBDE4002DB68E /* Main.storyboard */; };
		872647CF1C5DBDE4002DB68E /* TimesTable.xcdatamodeld in Sources */ = {isa = PBXBuildFile; fileRef = 872647CD1C5DBDE4002DB68E /* TimesTable.xcdatamodeld */; };
		872647D11C5DBDE4002DB68E /* Assets.xcassets in Resources */ = {isa = PBXBuildFile; fileRef = 872647D01C5DBDE4002DB68E /* Assets.xcassets */; };
		872647D41C5DBDE4002DB68E /* LaunchScreen.storyboard in Resources */ = {isa = PBXBuildFile; fileRef = 872647D21C5DBDE4002DB68E /* LaunchScreen.storyboard */; };
/* End PBXBuildFile section */

/* Begin PBXFileReference section */
		872647C31C5DBDE4002DB68E /* TimesTable.app */ = {isa = PBXFileReference; explicitFileType = wrapper.application; includeInIndex = 0; path = TimesTable.app; sourceTree = BUILT_PRODUCTS_DIR; };
		872647C61C5DBDE4002DB68E /* AppDelegate.swift */ = {isa = PBXFileReference; lastKnownFileType = sourcecode.swift; path = AppDelegate.swift; sourceTree = "<group>"; };
		872647C81C5DBDE4002DB68E /* ViewController.swift */ = {isa = PBXFileReference; lastKnownFileType = sourcecode.swift; path = ViewController.swift; sourceTree = "<group>"; };
		872647CB1C5DBDE4002DB68E /* Base */ = {isa = PBXFileReference; lastKnownFileType = file.storyboard; name = Base; path = Base.lproj/Main.storyboard; sourceTree = "<group>"; };
		872647CE1C5DBDE4002DB68E /* TimesTable.xcdatamodel */ = {isa = PBXFileReference; lastKnownFileType = wrapper.xcdatamodel; path = TimesTable.xcdatamodel; sourceTree = "<group>"; };
		872647D01C5DBDE4002DB68E /* Assets.xcassets */ = {isa = PBXFileReference; lastKnownFileType = folder.assetcatalog; path = Assets.xcassets; sourceTree = "<group>"; };
		872647D31C5DBDE4002DB68E /* Base */ = {isa = PBXFileReference; lastKnownFileType = file.storyboard; name = Base; path = Base.lproj/LaunchScreen.storyboard; sourceTree = "<group>"; };
		872647D51C5DBDE4002DB68E /* Info.plist */ = {isa = PBXFileReference; lastKnownFileType = text.plist.xml; path = Info.plist; sourceTree = "<group>"; };
/* End PBXFileReference section */

/* Begin PBXFrameworksBuildPhase section */
		872647C01C5DBDE4002DB68E /* Frameworks */ = {
			isa = PBXFrameworksBuildPhase;
			buildActionMask = 2147483647;
			files = (
			);
			runOnlyForDeploymentPostprocessing = 0;
		};
/* End PBXFrameworksBuildPhase section */

/* Begin PBXGroup section */
		872647BA1C5DBDE4002DB68E = {
			isa = PBXGroup;
			children = (
				872647C51C5DBDE4002DB68E /* TimesTable */,
				872647C41C5DBDE4002DB68E /* Products */,
			);
			sourceTree = "<group>";
		};
		872647C41C5DBDE4002DB68E /* Products */ = {
			isa = PBXGroup;
			children = (
				872647C31C5DBDE4002DB68E /* TimesTable.app */,
			);
			name = Products;
			sourceTree = "<group>";
		};
		872647C51C5DBDE4002DB68E /* TimesTable */ = {
			isa = PBXGroup;
			children = (
				872647C61C5DBDE4002DB68E /* AppDelegate.swift */,
				872647C81C5DBDE4002DB68E /* ViewController.swift */,
				872647CA1C5DBDE4002DB68E /* Main.storyboard */,
				872647D01C5DBDE4002DB68E /* Assets.xcassets */,
				872647D21C5DBDE4002DB68E /* LaunchScreen.storyboard */,
				872647D51C5DBDE4002DB68E /* Info.plist */,
				872647CD1C5DBDE4002DB68E /* TimesTable.xcdatamodeld */,
			);
			path = TimesTable;
			sourceTree = "<group>";
		};
/* End PBXGroup section */

/* Begin PBXNativeTarget section */
		872647C21C5DBDE4002DB68E /* TimesTable */ = {
			isa = PBXNativeTarget;
			buildConfigurationList = 872647D81C5DBDE4002DB68E /* Build configuration list for PBXNativeTarget "TimesTable" */;
			buildPhases = (
				872647BF1C5DBDE4002DB68E /* Sources */,
				872647C01C5DBDE4002DB68E /* Frameworks */,
				872647C11C5DBDE4002DB68E /* Resources */,
			);
			buildRules = (
			);
			dependencies = (
			);
			name = TimesTable;
			productName = TimesTable;
			productReference = 872647C31C5DBDE4002DB68E /* TimesTable.app */;
			productType = "com.apple.product-type.application";
		};
/* End PBXNativeTarget section */

/* Begin PBXProject section */
		872647BB1C5DBDE4002DB68E /* Project object */ = {
			isa = PBXProject;
			attributes = {
				LastSwiftUpdateCheck = 0720;
				LastUpgradeCheck = 0720;
				ORGANIZATIONNAME = masahiro_hori;
				TargetAttributes = {
					872647C21C5DBDE4002DB68E = {
						CreatedOnToolsVersion = 7.2;
						DevelopmentTeam = 6ZQ59YZP4F;
					};
				};
			};
			buildConfigurationList = 872647BE1C5DBDE4002DB68E /* Build configuration list for PBXProject "TimesTable" */;
			compatibilityVersion = "Xcode 3.2";
			developmentRegion = English;
			hasScannedForEncodings = 0;
			knownRegions = (
				en,
				Base,
			);
			mainGroup = 872647BA1C5DBDE4002DB68E;
			productRefGroup = 872647C41C5DBDE4002DB68E /* Products */;
			projectDirPath = "";
			projectRoot = "";
			targets = (
				872647C21C5DBDE4002DB68E /* TimesTable */,
			);
		};
/* End PBXProject section */

/* Begin PBXResourcesBuildPhase section */
		872647C11C5DBDE4002DB68E /* Resources */ = {
			isa = PBXResourcesBuildPhase;
			buildActionMask = 2147483647;
			files = (
				872647D41C5DBDE4002DB68E /* LaunchScreen.storyboard in Resources */,
				872647D11C5DBDE4002DB68E /* Assets.xcassets in Resources */,
				872647CC1C5DBDE4002DB68E /* Main.storyboard in Resources */,
			);
			runOnlyForDeploymentPostprocessing = 0;
		};
/* End PBXResourcesBuildPhase section */

/* Begin PBXSourcesBuildPhase section */
		872647BF1C5DBDE4002DB68E /* Sources */ = {
			isa = PBXSourcesBuildPhase;
			buildActionMask = 2147483647;
			files = (
				872647C91C5DBDE4002DB68E /* ViewController.swift in Sources */,
				872647CF1C5DBDE4002DB68E /* TimesTable.xcdatamodeld in Sources */,
				872647C71C5DBDE4002DB68E /* AppDelegate.swift in Sources */,
			);
			runOnlyForDeploymentPostprocessing = 0;
		};
/* End PBXSourcesBuildPhase section */

/* Begin PBXVariantGroup section */
		872647CA1C5DBDE4002DB68E /* Main.storyboard */ = {
			isa = PBXVariantGroup;
			children = (
				872647CB1C5DBDE4002DB68E /* Base */,
			);
			name = Main.storyboard;
			sourceTree = "<group>";
		};
		872647D21C5DBDE4002DB68E /* LaunchScreen.storyboard */ = {
			isa = PBXVariantGroup;
			children = (
				872647D31C5DBDE4002DB68E /* Base */,
			);
			name = LaunchScreen.storyboard;
			sourceTree = "<group>";
		};
/* End PBXVariantGroup section */

/* Begin XCBuildConfiguration section */
		872647D61C5DBDE4002DB68E /* Debug */ = {
			isa = XCBuildConfiguration;
			buildSettings = {
				ALWAYS_SEARCH_USER_PATHS = NO;
				CLANG_CXX_LANGUAGE_STANDARD = "gnu++0x";
				CLANG_CXX_LIBRARY = "libc++";
				CLANG_ENABLE_MODULES = YES;
				CLANG_ENABLE_OBJC_ARC = YES;
				CLANG_WARN_BOOL_CONVERSION = YES;
				CLANG_WARN_CONSTANT_CONVERSION = YES;
				CLANG_WARN_DIRECT_OBJC_ISA_USAGE = YES_ERROR;
				CLANG_WARN_EMPTY_BODY = YES;
				CLANG_WARN_ENUM_CONVERSION = YES;
				CLANG_WARN_INT_CONVERSION = YES;
				CLANG_WARN_OBJC_ROOT_CLASS = YES_ERROR;
				CLANG_WARN_UNREACHABLE_CODE = YES;
				CLANG_WARN__DUPLICATE_METHOD_MATCH = YES;
				"CODE_SIGN_IDENTITY[sdk=iphoneos*]" = "iPhone Developer";
				COPY_PHASE_STRIP = NO;
				DEBUG_INFORMATION_FORMAT = dwarf;
				ENABLE_STRICT_OBJC_MSGSEND = YES;
				ENABLE_TESTABILITY = YES;
				GCC_C_LANGUAGE_STANDARD = gnu99;
				GCC_DYNAMIC_NO_PIC = NO;
				GCC_NO_COMMON_BLOCKS = YES;
				GCC_OPTIMIZATION_LEVEL = 0;
				GCC_PREPROCESSOR_DEFINITIONS = (
					"DEBUG=1",
					"$(inherited)",
				);
				GCC_WARN_64_TO_32_BIT_CONVERSION = YES;
				GCC_WARN_ABOUT_RETURN_TYPE = YES_ERROR;
				GCC_WARN_UNDECLARED_SELECTOR = YES;
				GCC_WARN_UNINITIALIZED_AUTOS = YES_AGGRESSIVE;
				GCC_WARN_UNUSED_FUNCTION = YES;
				GCC_WARN_UNUSED_VARIABLE = YES;
				IPHONEOS_DEPLOYMENT_TARGET = 9.2;
				MTL_ENABLE_DEBUG_INFO = YES;
				ONLY_ACTIVE_ARCH = YES;
				SDKROOT = iphoneos;
				SWIFT_OPTIMIZATION_LEVEL = "-Onone";
			};
			name = Debug;
		};
		872647D71C5DBDE4002DB68E /* Release */ = {
			isa = XCBuildConfiguration;
			buildSettings = {
				ALWAYS_SEARCH_USER_PATHS = NO;
				CLANG_CXX_LANGUAGE_STANDARD = "gnu++0x";
				CLANG_CXX_LIBRARY = "libc++";
				CLANG_ENABLE_MODULES = YES;
				CLANG_ENABLE_OBJC_ARC = YES;
				CLANG_WARN_BOOL_CONVERSION = YES;
				CLANG_WARN_CONSTANT_CONVERSION = YES;
				CLANG_WARN_DIRECT_OBJC_ISA_USAGE = YES_ERROR;
				CLANG_WARN_EMPTY_BODY = YES;
				CLANG_WARN_ENUM_CONVERSION = YES;
				CLANG_WARN_INT_CONVERSION = YES;
				CLANG_WARN_OBJC_ROOT_CLASS = YES_ERROR;
				CLANG_WARN_UNREACHABLE_CODE = YES;
				CLANG_WARN__DUPLICATE_METHOD_MATCH = YES;
				"CODE_SIGN_IDENTITY[sdk=iphoneos*]" = "iPhone Developer";
				COPY_PHASE_STRIP = NO;
				DEBUG_INFORMATION_FORMAT = "dwarf-with-dsym";
				ENABLE_NS_ASSERTIONS = NO;
				ENABLE_STRICT_OBJC_MSGSEND = YES;
				GCC_C_LANGUAGE_STANDARD = gnu99;
				GCC_NO_COMMON_BLOCKS = YES;
				GCC_WARN_64_TO_32_BIT_CONVERSION = YES;
				GCC_WARN_ABOUT_RETURN_TYPE = YES_ERROR;
				GCC_WARN_UNDECLARED_SELECTOR = YES;
				GCC_WARN_UNINITIALIZED_AUTOS = YES_AGGRESSIVE;
				GCC_WARN_UNUSED_FUNCTION = YES;
				GCC_WARN_UNUSED_VARIABLE = YES;
				IPHONEOS_DEPLOYMENT_TARGET = 9.2;
				MTL_ENABLE_DEBUG_INFO = NO;
				SDKROOT = iphoneos;
				VALIDATE_PRODUCT = YES;
			};
			name = Release;
		};
		872647D91C5DBDE4002DB68E /* Debug */ = {
			isa = XCBuildConfiguration;
			buildSettings = {
				ASSETCATALOG_COMPILER_APPICON_NAME = AppIcon;
				INFOPLIST_FILE = TimesTable/Info.plist;
				LD_RUNPATH_SEARCH_PATHS = "$(inherited) @executable_path/Frameworks";
				PRODUCT_BUNDLE_IDENTIFIER = private.TimesTable;
				PRODUCT_NAME = "$(TARGET_NAME)";
			};
			name = Debug;
		};
		872647DA1C5DBDE4002DB68E /* Release */ = {
			isa = XCBuildConfiguration;
			buildSettings = {
				ASSETCATALOG_COMPILER_APPICON_NAME = AppIcon;
				INFOPLIST_FILE = TimesTable/Info.plist;
				LD_RUNPATH_SEARCH_PATHS = "$(inherited) @executable_path/Frameworks";
				PRODUCT_BUNDLE_IDENTIFIER = private.TimesTable;
				PRODUCT_NAME = "$(TARGET_NAME)";
			};
			name = Release;
		};
/* End XCBuildConfiguration section */

/* Begin XCConfigurationList section */
		872647BE1C5DBDE4002DB68E /* Build configuration list for PBXProject "TimesTable" */ = {
			isa = XCConfigurationList;
			buildConfigurations = (
				872647D61C5DBDE4002DB68E /* Debug */,
				872647D71C5DBDE4002DB68E /* Release */,
			);
			defaultConfigurationIsVisible = 0;
			defaultConfigurationName = Release;
		};
		872647D81C5DBDE4002DB68E /* Build configuration list for PBXNativeTarget "TimesTable" */ = {
			isa = XCConfigurationList;
			buildConfigurations = (
				872647D91C5DBDE4002DB68E /* Debug */,
				872647DA1C5DBDE4002DB68E /* Release */,
			);
			defaultConfigurationIsVisible = 0;
		};
/* End XCConfigurationList section */

/* Begin XCVersionGroup section */
		872647CD1C5DBDE4002DB68E /* TimesTable.xcdatamodeld */ = {
			isa = XCVersionGroup;
			children = (
				872647CE1C5DBDE4002DB68E /* TimesTable.xcdatamodel */,
			);
			currentVersion = 872647CE1C5DBDE4002DB68E /* TimesTable.xcdatamodel */;
			path = TimesTable.xcdatamodeld;
			sourceTree = "<group>";
			versionGroupType = wrapper.xcdatamodel;
		};
/* End XCVersionGroup section */
	};
	rootObject = 872647BB1C5DBDE4002DB68E /* Project object */;
}
