// !$*UTF8*$!
{
	archiveVersion = 1;
	classes = {
	};
	objectVersion = 46;
	objects = {

/* Begin PBXBuildFile section */
		872647851C5DB1B6002DB68E /* AppDelegate.swift in Sources */ = {isa = PBXBuildFile; fileRef = 872647841C5DB1B6002DB68E /* AppDelegate.swift */; };
		872647871C5DB1B6002DB68E /* ViewController.swift in Sources */ = {isa = PBXBuildFile; fileRef = 872647861C5DB1B6002DB68E /* ViewController.swift */; };
		8726478A1C5DB1B6002DB68E /* Main.storyboard in Resources */ = {isa = PBXBuildFile; fileRef = 872647881C5DB1B6002DB68E /* Main.storyboard */; };
		8726478D1C5DB1B6002DB68E /* StopWatch.xcdatamodeld in Sources */ = {isa = PBXBuildFile; fileRef = 8726478B1C5DB1B6002DB68E /* StopWatch.xcdatamodeld */; };
		8726478F1C5DB1B6002DB68E /* Assets.xcassets in Resources */ = {isa = PBXBuildFile; fileRef = 8726478E1C5DB1B6002DB68E /* Assets.xcassets */; };
		872647921C5DB1B6002DB68E /* LaunchScreen.storyboard in Resources */ = {isa = PBXBuildFile; fileRef = 872647901C5DB1B6002DB68E /* LaunchScreen.storyboard */; };
/* End PBXBuildFile section */

/* Begin PBXFileReference section */
		872647811C5DB1B6002DB68E /* StopWatch.app */ = {isa = PBXFileReference; explicitFileType = wrapper.application; includeInIndex = 0; path = StopWatch.app; sourceTree = BUILT_PRODUCTS_DIR; };
		872647841C5DB1B6002DB68E /* AppDelegate.swift */ = {isa = PBXFileReference; lastKnownFileType = sourcecode.swift; path = AppDelegate.swift; sourceTree = "<group>"; };
		872647861C5DB1B6002DB68E /* ViewController.swift */ = {isa = PBXFileReference; lastKnownFileType = sourcecode.swift; path = ViewController.swift; sourceTree = "<group>"; };
		872647891C5DB1B6002DB68E /* Base */ = {isa = PBXFileReference; lastKnownFileType = file.storyboard; name = Base; path = Base.lproj/Main.storyboard; sourceTree = "<group>"; };
		8726478C1C5DB1B6002DB68E /* StopWatch.xcdatamodel */ = {isa = PBXFileReference; lastKnownFileType = wrapper.xcdatamodel; path = StopWatch.xcdatamodel; sourceTree = "<group>"; };
		8726478E1C5DB1B6002DB68E /* Assets.xcassets */ = {isa = PBXFileReference; lastKnownFileType = folder.assetcatalog; path = Assets.xcassets; sourceTree = "<group>"; };
		872647911C5DB1B6002DB68E /* Base */ = {isa = PBXFileReference; lastKnownFileType = file.storyboard; name = Base; path = Base.lproj/LaunchScreen.storyboard; sourceTree = "<group>"; };
		872647931C5DB1B6002DB68E /* Info.plist */ = {isa = PBXFileReference; lastKnownFileType = text.plist.xml; path = Info.plist; sourceTree = "<group>"; };
/* End PBXFileReference section */

/* Begin PBXFrameworksBuildPhase section */
		8726477E1C5DB1B6002DB68E /* Frameworks */ = {
			isa = PBXFrameworksBuildPhase;
			buildActionMask = 2147483647;
			files = (
			);
			runOnlyForDeploymentPostprocessing = 0;
		};
/* End PBXFrameworksBuildPhase section */

/* Begin PBXGroup section */
		872647781C5DB1B6002DB68E = {
			isa = PBXGroup;
			children = (
				872647831C5DB1B6002DB68E /* StopWatch */,
				872647821C5DB1B6002DB68E /* Products */,
			);
			sourceTree = "<group>";
		};
		872647821C5DB1B6002DB68E /* Products */ = {
			isa = PBXGroup;
			children = (
				872647811C5DB1B6002DB68E /* StopWatch.app */,
			);
			name = Products;
			sourceTree = "<group>";
		};
		872647831C5DB1B6002DB68E /* StopWatch */ = {
			isa = PBXGroup;
			children = (
				872647841C5DB1B6002DB68E /* AppDelegate.swift */,
				872647861C5DB1B6002DB68E /* ViewController.swift */,
				872647881C5DB1B6002DB68E /* Main.storyboard */,
				8726478E1C5DB1B6002DB68E /* Assets.xcassets */,
				872647901C5DB1B6002DB68E /* LaunchScreen.storyboard */,
				872647931C5DB1B6002DB68E /* Info.plist */,
				8726478B1C5DB1B6002DB68E /* StopWatch.xcdatamodeld */,
			);
			path = StopWatch;
			sourceTree = "<group>";
		};
/* End PBXGroup section */

/* Begin PBXNativeTarget section */
		872647801C5DB1B6002DB68E /* StopWatch */ = {
			isa = PBXNativeTarget;
			buildConfigurationList = 872647961C5DB1B6002DB68E /* Build configuration list for PBXNativeTarget "StopWatch" */;
			buildPhases = (
				8726477D1C5DB1B6002DB68E /* Sources */,
				8726477E1C5DB1B6002DB68E /* Frameworks */,
				8726477F1C5DB1B6002DB68E /* Resources */,
			);
			buildRules = (
			);
			dependencies = (
			);
			name = StopWatch;
			productName = StopWatch;
			productReference = 872647811C5DB1B6002DB68E /* StopWatch.app */;
			productType = "com.apple.product-type.application";
		};
/* End PBXNativeTarget section */

/* Begin PBXProject section */
		872647791C5DB1B6002DB68E /* Project object */ = {
			isa = PBXProject;
			attributes = {
				LastSwiftUpdateCheck = 0720;
				LastUpgradeCheck = 0720;
				ORGANIZATIONNAME = masahiro_hori;
				TargetAttributes = {
					872647801C5DB1B6002DB68E = {
						CreatedOnToolsVersion = 7.2;
						DevelopmentTeam = 6ZQ59YZP4F;
					};
				};
			};
			buildConfigurationList = 8726477C1C5DB1B6002DB68E /* Build configuration list for PBXProject "StopWatch" */;
			compatibilityVersion = "Xcode 3.2";
			developmentRegion = English;
			hasScannedForEncodings = 0;
			knownRegions = (
				en,
				Base,
			);
			mainGroup = 872647781C5DB1B6002DB68E;
			productRefGroup = 872647821C5DB1B6002DB68E /* Products */;
			projectDirPath = "";
			projectRoot = "";
			targets = (
				872647801C5DB1B6002DB68E /* StopWatch */,
			);
		};
/* End PBXProject section */

/* Begin PBXResourcesBuildPhase section */
		8726477F1C5DB1B6002DB68E /* Resources */ = {
			isa = PBXResourcesBuildPhase;
			buildActionMask = 2147483647;
			files = (
				872647921C5DB1B6002DB68E /* LaunchScreen.storyboard in Resources */,
				8726478F1C5DB1B6002DB68E /* Assets.xcassets in Resources */,
				8726478A1C5DB1B6002DB68E /* Main.storyboard in Resources */,
			);
			runOnlyForDeploymentPostprocessing = 0;
		};
/* End PBXResourcesBuildPhase section */

/* Begin PBXSourcesBuildPhase section */
		8726477D1C5DB1B6002DB68E /* Sources */ = {
			isa = PBXSourcesBuildPhase;
			buildActionMask = 2147483647;
			files = (
				8726478D1C5DB1B6002DB68E /* StopWatch.xcdatamodeld in Sources */,
				872647871C5DB1B6002DB68E /* ViewController.swift in Sources */,
				872647851C5DB1B6002DB68E /* AppDelegate.swift in Sources */,
			);
			runOnlyForDeploymentPostprocessing = 0;
		};
/* End PBXSourcesBuildPhase section */

/* Begin PBXVariantGroup section */
		872647881C5DB1B6002DB68E /* Main.storyboard */ = {
			isa = PBXVariantGroup;
			children = (
				872647891C5DB1B6002DB68E /* Base */,
			);
			name = Main.storyboard;
			sourceTree = "<group>";
		};
		872647901C5DB1B6002DB68E /* LaunchScreen.storyboard */ = {
			isa = PBXVariantGroup;
			children = (
				872647911C5DB1B6002DB68E /* Base */,
			);
			name = LaunchScreen.storyboard;
			sourceTree = "<group>";
		};
/* End PBXVariantGroup section */

/* Begin XCBuildConfiguration section */
		872647941C5DB1B6002DB68E /* Debug */ = {
			isa = XCBuildConfiguration;
			buildSettings = {
				ALWAYS_SEARCH_USER_PATHS = NO;
				CLANG_CXX_LANGUAGE_STANDARD = "gnu++0x";
				CLANG_CXX_LIBRARY = "libc++";
				CLANG_ENABLE_MODULES = YES;
				CLANG_ENABLE_OBJC_ARC = YES;
				CLANG_WARN_BOOL_CONVERSION = YES;
				CLANG_WARN_CONSTANT_CONVERSION = YES;
				CLANG_WARN_DIRECT_OBJC_ISA_USAGE = YES_ERROR;
				CLANG_WARN_EMPTY_BODY = YES;
				CLANG_WARN_ENUM_CONVERSION = YES;
				CLANG_WARN_INT_CONVERSION = YES;
				CLANG_WARN_OBJC_ROOT_CLASS = YES_ERROR;
				CLANG_WARN_UNREACHABLE_CODE = YES;
				CLANG_WARN__DUPLICATE_METHOD_MATCH = YES;
				"CODE_SIGN_IDENTITY[sdk=iphoneos*]" = "iPhone Developer";
				COPY_PHASE_STRIP = NO;
				DEBUG_INFORMATION_FORMAT = dwarf;
				ENABLE_STRICT_OBJC_MSGSEND = YES;
				ENABLE_TESTABILITY = YES;
				GCC_C_LANGUAGE_STANDARD = gnu99;
				GCC_DYNAMIC_NO_PIC = NO;
				GCC_NO_COMMON_BLOCKS = YES;
				GCC_OPTIMIZATION_LEVEL = 0;
				GCC_PREPROCESSOR_DEFINITIONS = (
					"DEBUG=1",
					"$(inherited)",
				);
				GCC_WARN_64_TO_32_BIT_CONVERSION = YES;
				GCC_WARN_ABOUT_RETURN_TYPE = YES_ERROR;
				GCC_WARN_UNDECLARED_SELECTOR = YES;
				GCC_WARN_UNINITIALIZED_AUTOS = YES_AGGRESSIVE;
				GCC_WARN_UNUSED_FUNCTION = YES;
				GCC_WARN_UNUSED_VARIABLE = YES;
				IPHONEOS_DEPLOYMENT_TARGET = 9.2;
				MTL_ENABLE_DEBUG_INFO = YES;
				ONLY_ACTIVE_ARCH = YES;
				SDKROOT = iphoneos;
				SWIFT_OPTIMIZATION_LEVEL = "-Onone";
			};
			name = Debug;
		};
		872647951C5DB1B6002DB68E /* Release */ = {
			isa = XCBuildConfiguration;
			buildSettings = {
				ALWAYS_SEARCH_USER_PATHS = NO;
				CLANG_CXX_LANGUAGE_STANDARD = "gnu++0x";
				CLANG_CXX_LIBRARY = "libc++";
				CLANG_ENABLE_MODULES = YES;
				CLANG_ENABLE_OBJC_ARC = YES;
				CLANG_WARN_BOOL_CONVERSION = YES;
				CLANG_WARN_CONSTANT_CONVERSION = YES;
				CLANG_WARN_DIRECT_OBJC_ISA_USAGE = YES_ERROR;
				CLANG_WARN_EMPTY_BODY = YES;
				CLANG_WARN_ENUM_CONVERSION = YES;
				CLANG_WARN_INT_CONVERSION = YES;
				CLANG_WARN_OBJC_ROOT_CLASS = YES_ERROR;
				CLANG_WARN_UNREACHABLE_CODE = YES;
				CLANG_WARN__DUPLICATE_METHOD_MATCH = YES;
				"CODE_SIGN_IDENTITY[sdk=iphoneos*]" = "iPhone Developer";
				COPY_PHASE_STRIP = NO;
				DEBUG_INFORMATION_FORMAT = "dwarf-with-dsym";
				ENABLE_NS_ASSERTIONS = NO;
				ENABLE_STRICT_OBJC_MSGSEND = YES;
				GCC_C_LANGUAGE_STANDARD = gnu99;
				GCC_NO_COMMON_BLOCKS = YES;
				GCC_WARN_64_TO_32_BIT_CONVERSION = YES;
				GCC_WARN_ABOUT_RETURN_TYPE = YES_ERROR;
				GCC_WARN_UNDECLARED_SELECTOR = YES;
				GCC_WARN_UNINITIALIZED_AUTOS = YES_AGGRESSIVE;
				GCC_WARN_UNUSED_FUNCTION = YES;
				GCC_WARN_UNUSED_VARIABLE = YES;
				IPHONEOS_DEPLOYMENT_TARGET = 9.2;
				MTL_ENABLE_DEBUG_INFO = NO;
				SDKROOT = iphoneos;
				VALIDATE_PRODUCT = YES;
			};
			name = Release;
		};
		872647971C5DB1B6002DB68E /* Debug */ = {
			isa = XCBuildConfiguration;
			buildSettings = {
				ASSETCATALOG_COMPILER_APPICON_NAME = AppIcon;
				INFOPLIST_FILE = StopWatch/Info.plist;
				LD_RUNPATH_SEARCH_PATHS = "$(inherited) @executable_path/Frameworks";
				PRODUCT_BUNDLE_IDENTIFIER = private.StopWatch;
				PRODUCT_NAME = "$(TARGET_NAME)";
			};
			name = Debug;
		};
		872647981C5DB1B6002DB68E /* Release */ = {
			isa = XCBuildConfiguration;
			buildSettings = {
				ASSETCATALOG_COMPILER_APPICON_NAME = AppIcon;
				INFOPLIST_FILE = StopWatch/Info.plist;
				LD_RUNPATH_SEARCH_PATHS = "$(inherited) @executable_path/Frameworks";
				PRODUCT_BUNDLE_IDENTIFIER = private.StopWatch;
				PRODUCT_NAME = "$(TARGET_NAME)";
			};
			name = Release;
		};
/* End XCBuildConfiguration section */

/* Begin XCConfigurationList section */
		8726477C1C5DB1B6002DB68E /* Build configuration list for PBXProject "StopWatch" */ = {
			isa = XCConfigurationList;
			buildConfigurations = (
				872647941C5DB1B6002DB68E /* Debug */,
				872647951C5DB1B6002DB68E /* Release */,
			);
			defaultConfigurationIsVisible = 0;
			defaultConfigurationName = Release;
		};
		872647961C5DB1B6002DB68E /* Build configuration list for PBXNativeTarget "StopWatch" */ = {
			isa = XCConfigurationList;
			buildConfigurations = (
				872647971C5DB1B6002DB68E /* Debug */,
				872647981C5DB1B6002DB68E /* Release */,
			);
			defaultConfigurationIsVisible = 0;
		};
/* End XCConfigurationList section */

/* Begin XCVersionGroup section */
		8726478B1C5DB1B6002DB68E /* StopWatch.xcdatamodeld */ = {
			isa = XCVersionGroup;
			children = (
				8726478C1C5DB1B6002DB68E /* StopWatch.xcdatamodel */,
			);
			currentVersion = 8726478C1C5DB1B6002DB68E /* StopWatch.xcdatamodel */;
			path = StopWatch.xcdatamodeld;
			sourceTree = "<group>";
			versionGroupType = wrapper.xcdatamodel;
		};
/* End XCVersionGroup section */
	};
	rootObject = 872647791C5DB1B6002DB68E /* Project object */;
}
