// !$*UTF8*$!
{
	archiveVersion = 1;
	classes = {
	};
	objectVersion = 46;
	objects = {

/* Begin PBXBuildFile section */
		87BA5FFB1C4BB4D400D7ED33 /* AppDelegate.swift in Sources */ = {isa = PBXBuildFile; fileRef = 87BA5FFA1C4BB4D400D7ED33 /* AppDelegate.swift */; };
		87BA5FFD1C4BB4D400D7ED33 /* ViewController.swift in Sources */ = {isa = PBXBuildFile; fileRef = 87BA5FFC1C4BB4D400D7ED33 /* ViewController.swift */; };
		87BA60001C4BB4D400D7ED33 /* Main.storyboard in Resources */ = {isa = PBXBuildFile; fileRef = 87BA5FFE1C4BB4D400D7ED33 /* Main.storyboard */; };
		87BA60031C4BB4D400D7ED33 /* NSUserDefaultsSample.xcdatamodeld in Sources */ = {isa = PBXBuildFile; fileRef = 87BA60011C4BB4D400D7ED33 /* NSUserDefaultsSample.xcdatamodeld */; };
		87BA60051C4BB4D400D7ED33 /* Assets.xcassets in Resources */ = {isa = PBXBuildFile; fileRef = 87BA60041C4BB4D400D7ED33 /* Assets.xcassets */; };
		87BA60081C4BB4D400D7ED33 /* LaunchScreen.storyboard in Resources */ = {isa = PBXBuildFile; fileRef = 87BA60061C4BB4D400D7ED33 /* LaunchScreen.storyboard */; };
/* End PBXBuildFile section */

/* Begin PBXFileReference section */
		87BA5FF71C4BB4D400D7ED33 /* NSUserDefaultsSample.app */ = {isa = PBXFileReference; explicitFileType = wrapper.application; includeInIndex = 0; path = NSUserDefaultsSample.app; sourceTree = BUILT_PRODUCTS_DIR; };
		87BA5FFA1C4BB4D400D7ED33 /* AppDelegate.swift */ = {isa = PBXFileReference; lastKnownFileType = sourcecode.swift; path = AppDelegate.swift; sourceTree = "<group>"; };
		87BA5FFC1C4BB4D400D7ED33 /* ViewController.swift */ = {isa = PBXFileReference; lastKnownFileType = sourcecode.swift; path = ViewController.swift; sourceTree = "<group>"; };
		87BA5FFF1C4BB4D400D7ED33 /* Base */ = {isa = PBXFileReference; lastKnownFileType = file.storyboard; name = Base; path = Base.lproj/Main.storyboard; sourceTree = "<group>"; };
		87BA60021C4BB4D400D7ED33 /* NSUserDefaultsSample.xcdatamodel */ = {isa = PBXFileReference; lastKnownFileType = wrapper.xcdatamodel; path = NSUserDefaultsSample.xcdatamodel; sourceTree = "<group>"; };
		87BA60041C4BB4D400D7ED33 /* Assets.xcassets */ = {isa = PBXFileReference; lastKnownFileType = folder.assetcatalog; path = Assets.xcassets; sourceTree = "<group>"; };
		87BA60071C4BB4D400D7ED33 /* Base */ = {isa = PBXFileReference; lastKnownFileType = file.storyboard; name = Base; path = Base.lproj/LaunchScreen.storyboard; sourceTree = "<group>"; };
		87BA60091C4BB4D400D7ED33 /* Info.plist */ = {isa = PBXFileReference; lastKnownFileType = text.plist.xml; path = Info.plist; sourceTree = "<group>"; };
/* End PBXFileReference section */

/* Begin PBXFrameworksBuildPhase section */
		87BA5FF41C4BB4D400D7ED33 /* Frameworks */ = {
			isa = PBXFrameworksBuildPhase;
			buildActionMask = 2147483647;
			files = (
			);
			runOnlyForDeploymentPostprocessing = 0;
		};
/* End PBXFrameworksBuildPhase section */

/* Begin PBXGroup section */
		87BA5FEE1C4BB4D400D7ED33 = {
			isa = PBXGroup;
			children = (
				87BA5FF91C4BB4D400D7ED33 /* NSUserDefaultsSample */,
				87BA5FF81C4BB4D400D7ED33 /* Products */,
			);
			sourceTree = "<group>";
		};
		87BA5FF81C4BB4D400D7ED33 /* Products */ = {
			isa = PBXGroup;
			children = (
				87BA5FF71C4BB4D400D7ED33 /* NSUserDefaultsSample.app */,
			);
			name = Products;
			sourceTree = "<group>";
		};
		87BA5FF91C4BB4D400D7ED33 /* NSUserDefaultsSample */ = {
			isa = PBXGroup;
			children = (
				87BA5FFA1C4BB4D400D7ED33 /* AppDelegate.swift */,
				87BA5FFC1C4BB4D400D7ED33 /* ViewController.swift */,
				87BA5FFE1C4BB4D400D7ED33 /* Main.storyboard */,
				87BA60041C4BB4D400D7ED33 /* Assets.xcassets */,
				87BA60061C4BB4D400D7ED33 /* LaunchScreen.storyboard */,
				87BA60091C4BB4D400D7ED33 /* Info.plist */,
				87BA60011C4BB4D400D7ED33 /* NSUserDefaultsSample.xcdatamodeld */,
			);
			path = NSUserDefaultsSample;
			sourceTree = "<group>";
		};
/* End PBXGroup section */

/* Begin PBXNativeTarget section */
		87BA5FF61C4BB4D400D7ED33 /* NSUserDefaultsSample */ = {
			isa = PBXNativeTarget;
			buildConfigurationList = 87BA600C1C4BB4D400D7ED33 /* Build configuration list for PBXNativeTarget "NSUserDefaultsSample" */;
			buildPhases = (
				87BA5FF31C4BB4D400D7ED33 /* Sources */,
				87BA5FF41C4BB4D400D7ED33 /* Frameworks */,
				87BA5FF51C4BB4D400D7ED33 /* Resources */,
			);
			buildRules = (
			);
			dependencies = (
			);
			name = NSUserDefaultsSample;
			productName = NSUserDefaultsSample;
			productReference = 87BA5FF71C4BB4D400D7ED33 /* NSUserDefaultsSample.app */;
			productType = "com.apple.product-type.application";
		};
/* End PBXNativeTarget section */

/* Begin PBXProject section */
		87BA5FEF1C4BB4D400D7ED33 /* Project object */ = {
			isa = PBXProject;
			attributes = {
				LastSwiftUpdateCheck = 0720;
				LastUpgradeCheck = 0720;
				ORGANIZATIONNAME = masahiro_hori;
				TargetAttributes = {
					87BA5FF61C4BB4D400D7ED33 = {
						CreatedOnToolsVersion = 7.2;
						DevelopmentTeam = 6ZQ59YZP4F;
					};
				};
			};
			buildConfigurationList = 87BA5FF21C4BB4D400D7ED33 /* Build configuration list for PBXProject "NSUserDefaultsSample" */;
			compatibilityVersion = "Xcode 3.2";
			developmentRegion = English;
			hasScannedForEncodings = 0;
			knownRegions = (
				en,
				Base,
			);
			mainGroup = 87BA5FEE1C4BB4D400D7ED33;
			productRefGroup = 87BA5FF81C4BB4D400D7ED33 /* Products */;
			projectDirPath = "";
			projectRoot = "";
			targets = (
				87BA5FF61C4BB4D400D7ED33 /* NSUserDefaultsSample */,
			);
		};
/* End PBXProject section */

/* Begin PBXResourcesBuildPhase section */
		87BA5FF51C4BB4D400D7ED33 /* Resources */ = {
			isa = PBXResourcesBuildPhase;
			buildActionMask = 2147483647;
			files = (
				87BA60081C4BB4D400D7ED33 /* LaunchScreen.storyboard in Resources */,
				87BA60051C4BB4D400D7ED33 /* Assets.xcassets in Resources */,
				87BA60001C4BB4D400D7ED33 /* Main.storyboard in Resources */,
			);
			runOnlyForDeploymentPostprocessing = 0;
		};
/* End PBXResourcesBuildPhase section */

/* Begin PBXSourcesBuildPhase section */
		87BA5FF31C4BB4D400D7ED33 /* Sources */ = {
			isa = PBXSourcesBuildPhase;
			buildActionMask = 2147483647;
			files = (
				87BA5FFD1C4BB4D400D7ED33 /* ViewController.swift in Sources */,
				87BA60031C4BB4D400D7ED33 /* NSUserDefaultsSample.xcdatamodeld in Sources */,
				87BA5FFB1C4BB4D400D7ED33 /* AppDelegate.swift in Sources */,
			);
			runOnlyForDeploymentPostprocessing = 0;
		};
/* End PBXSourcesBuildPhase section */

/* Begin PBXVariantGroup section */
		87BA5FFE1C4BB4D400D7ED33 /* Main.storyboard */ = {
			isa = PBXVariantGroup;
			children = (
				87BA5FFF1C4BB4D400D7ED33 /* Base */,
			);
			name = Main.storyboard;
			sourceTree = "<group>";
		};
		87BA60061C4BB4D400D7ED33 /* LaunchScreen.storyboard */ = {
			isa = PBXVariantGroup;
			children = (
				87BA60071C4BB4D400D7ED33 /* Base */,
			);
			name = LaunchScreen.storyboard;
			sourceTree = "<group>";
		};
/* End PBXVariantGroup section */

/* Begin XCBuildConfiguration section */
		87BA600A1C4BB4D400D7ED33 /* Debug */ = {
			isa = XCBuildConfiguration;
			buildSettings = {
				ALWAYS_SEARCH_USER_PATHS = NO;
				CLANG_CXX_LANGUAGE_STANDARD = "gnu++0x";
				CLANG_CXX_LIBRARY = "libc++";
				CLANG_ENABLE_MODULES = YES;
				CLANG_ENABLE_OBJC_ARC = YES;
				CLANG_WARN_BOOL_CONVERSION = YES;
				CLANG_WARN_CONSTANT_CONVERSION = YES;
				CLANG_WARN_DIRECT_OBJC_ISA_USAGE = YES_ERROR;
				CLANG_WARN_EMPTY_BODY = YES;
				CLANG_WARN_ENUM_CONVERSION = YES;
				CLANG_WARN_INT_CONVERSION = YES;
				CLANG_WARN_OBJC_ROOT_CLASS = YES_ERROR;
				CLANG_WARN_UNREACHABLE_CODE = YES;
				CLANG_WARN__DUPLICATE_METHOD_MATCH = YES;
				"CODE_SIGN_IDENTITY[sdk=iphoneos*]" = "iPhone Developer";
				COPY_PHASE_STRIP = NO;
				DEBUG_INFORMATION_FORMAT = dwarf;
				ENABLE_STRICT_OBJC_MSGSEND = YES;
				ENABLE_TESTABILITY = YES;
				GCC_C_LANGUAGE_STANDARD = gnu99;
				GCC_DYNAMIC_NO_PIC = NO;
				GCC_NO_COMMON_BLOCKS = YES;
				GCC_OPTIMIZATION_LEVEL = 0;
				GCC_PREPROCESSOR_DEFINITIONS = (
					"DEBUG=1",
					"$(inherited)",
				);
				GCC_WARN_64_TO_32_BIT_CONVERSION = YES;
				GCC_WARN_ABOUT_RETURN_TYPE = YES_ERROR;
				GCC_WARN_UNDECLARED_SELECTOR = YES;
				GCC_WARN_UNINITIALIZED_AUTOS = YES_AGGRESSIVE;
				GCC_WARN_UNUSED_FUNCTION = YES;
				GCC_WARN_UNUSED_VARIABLE = YES;
				IPHONEOS_DEPLOYMENT_TARGET = 9.2;
				MTL_ENABLE_DEBUG_INFO = YES;
				ONLY_ACTIVE_ARCH = YES;
				SDKROOT = iphoneos;
				SWIFT_OPTIMIZATION_LEVEL = "-Onone";
			};
			name = Debug;
		};
		87BA600B1C4BB4D400D7ED33 /* Release */ = {
			isa = XCBuildConfiguration;
			buildSettings = {
				ALWAYS_SEARCH_USER_PATHS = NO;
				CLANG_CXX_LANGUAGE_STANDARD = "gnu++0x";
				CLANG_CXX_LIBRARY = "libc++";
				CLANG_ENABLE_MODULES = YES;
				CLANG_ENABLE_OBJC_ARC = YES;
				CLANG_WARN_BOOL_CONVERSION = YES;
				CLANG_WARN_CONSTANT_CONVERSION = YES;
				CLANG_WARN_DIRECT_OBJC_ISA_USAGE = YES_ERROR;
				CLANG_WARN_EMPTY_BODY = YES;
				CLANG_WARN_ENUM_CONVERSION = YES;
				CLANG_WARN_INT_CONVERSION = YES;
				CLANG_WARN_OBJC_ROOT_CLASS = YES_ERROR;
				CLANG_WARN_UNREACHABLE_CODE = YES;
				CLANG_WARN__DUPLICATE_METHOD_MATCH = YES;
				"CODE_SIGN_IDENTITY[sdk=iphoneos*]" = "iPhone Developer";
				COPY_PHASE_STRIP = NO;
				DEBUG_INFORMATION_FORMAT = "dwarf-with-dsym";
				ENABLE_NS_ASSERTIONS = NO;
				ENABLE_STRICT_OBJC_MSGSEND = YES;
				GCC_C_LANGUAGE_STANDARD = gnu99;
				GCC_NO_COMMON_BLOCKS = YES;
				GCC_WARN_64_TO_32_BIT_CONVERSION = YES;
				GCC_WARN_ABOUT_RETURN_TYPE = YES_ERROR;
				GCC_WARN_UNDECLARED_SELECTOR = YES;
				GCC_WARN_UNINITIALIZED_AUTOS = YES_AGGRESSIVE;
				GCC_WARN_UNUSED_FUNCTION = YES;
				GCC_WARN_UNUSED_VARIABLE = YES;
				IPHONEOS_DEPLOYMENT_TARGET = 9.2;
				MTL_ENABLE_DEBUG_INFO = NO;
				SDKROOT = iphoneos;
				VALIDATE_PRODUCT = YES;
			};
			name = Release;
		};
		87BA600D1C4BB4D400D7ED33 /* Debug */ = {
			isa = XCBuildConfiguration;
			buildSettings = {
				ASSETCATALOG_COMPILER_APPICON_NAME = AppIcon;
				INFOPLIST_FILE = NSUserDefaultsSample/Info.plist;
				LD_RUNPATH_SEARCH_PATHS = "$(inherited) @executable_path/Frameworks";
				PRODUCT_BUNDLE_IDENTIFIER = private.NSUserDefaultsSample;
				PRODUCT_NAME = "$(TARGET_NAME)";
			};
			name = Debug;
		};
		87BA600E1C4BB4D400D7ED33 /* Release */ = {
			isa = XCBuildConfiguration;
			buildSettings = {
				ASSETCATALOG_COMPILER_APPICON_NAME = AppIcon;
				INFOPLIST_FILE = NSUserDefaultsSample/Info.plist;
				LD_RUNPATH_SEARCH_PATHS = "$(inherited) @executable_path/Frameworks";
				PRODUCT_BUNDLE_IDENTIFIER = private.NSUserDefaultsSample;
				PRODUCT_NAME = "$(TARGET_NAME)";
			};
			name = Release;
		};
/* End XCBuildConfiguration section */

/* Begin XCConfigurationList section */
		87BA5FF21C4BB4D400D7ED33 /* Build configuration list for PBXProject "NSUserDefaultsSample" */ = {
			isa = XCConfigurationList;
			buildConfigurations = (
				87BA600A1C4BB4D400D7ED33 /* Debug */,
				87BA600B1C4BB4D400D7ED33 /* Release */,
			);
			defaultConfigurationIsVisible = 0;
			defaultConfigurationName = Release;
		};
		87BA600C1C4BB4D400D7ED33 /* Build configuration list for PBXNativeTarget "NSUserDefaultsSample" */ = {
			isa = XCConfigurationList;
			buildConfigurations = (
				87BA600D1C4BB4D400D7ED33 /* Debug */,
				87BA600E1C4BB4D400D7ED33 /* Release */,
			);
			defaultConfigurationIsVisible = 0;
		};
/* End XCConfigurationList section */

/* Begin XCVersionGroup section */
		87BA60011C4BB4D400D7ED33 /* NSUserDefaultsSample.xcdatamodeld */ = {
			isa = XCVersionGroup;
			children = (
				87BA60021C4BB4D400D7ED33 /* NSUserDefaultsSample.xcdatamodel */,
			);
			currentVersion = 87BA60021C4BB4D400D7ED33 /* NSUserDefaultsSample.xcdatamodel */;
			path = NSUserDefaultsSample.xcdatamodeld;
			sourceTree = "<group>";
			versionGroupType = wrapper.xcdatamodel;
		};
/* End XCVersionGroup section */
	};
	rootObject = 87BA5FEF1C4BB4D400D7ED33 /* Project object */;
}
