// !$*UTF8*$!
{
	archiveVersion = 1;
	classes = {
	};
	objectVersion = 46;
	objects = {

/* Begin PBXBuildFile section */
		8771A8241C19947000FB7F69 /* AppDelegate.swift in Sources */ = {isa = PBXBuildFile; fileRef = 8771A8231C19947000FB7F69 /* AppDelegate.swift */; };
		8771A8261C19947000FB7F69 /* ViewController.swift in Sources */ = {isa = PBXBuildFile; fileRef = 8771A8251C19947000FB7F69 /* ViewController.swift */; };
		8771A8291C19947000FB7F69 /* Main.storyboard in Resources */ = {isa = PBXBuildFile; fileRef = 8771A8271C19947000FB7F69 /* Main.storyboard */; };
		8771A82B1C19947000FB7F69 /* Assets.xcassets in Resources */ = {isa = PBXBuildFile; fileRef = 8771A82A1C19947000FB7F69 /* Assets.xcassets */; };
		8771A82E1C19947000FB7F69 /* LaunchScreen.storyboard in Resources */ = {isa = PBXBuildFile; fileRef = 8771A82C1C19947000FB7F69 /* LaunchScreen.storyboard */; };
		8771A8391C19947000FB7F69 /* WatchDicTests.swift in Sources */ = {isa = PBXBuildFile; fileRef = 8771A8381C19947000FB7F69 /* WatchDicTests.swift */; };
		8771A8441C19947000FB7F69 /* WatchDicUITests.swift in Sources */ = {isa = PBXBuildFile; fileRef = 8771A8431C19947000FB7F69 /* WatchDicUITests.swift */; };
		8771A8521C19A34F00FB7F69 /* DetailViewController.swift in Sources */ = {isa = PBXBuildFile; fileRef = 8771A8511C19A34F00FB7F69 /* DetailViewController.swift */; };
/* End PBXBuildFile section */

/* Begin PBXContainerItemProxy section */
		8771A8351C19947000FB7F69 /* PBXContainerItemProxy */ = {
			isa = PBXContainerItemProxy;
			containerPortal = 8771A8181C19947000FB7F69 /* Project object */;
			proxyType = 1;
			remoteGlobalIDString = 8771A81F1C19947000FB7F69;
			remoteInfo = WatchDic;
		};
		8771A8401C19947000FB7F69 /* PBXContainerItemProxy */ = {
			isa = PBXContainerItemProxy;
			containerPortal = 8771A8181C19947000FB7F69 /* Project object */;
			proxyType = 1;
			remoteGlobalIDString = 8771A81F1C19947000FB7F69;
			remoteInfo = WatchDic;
		};
/* End PBXContainerItemProxy section */

/* Begin PBXFileReference section */
		8771A8201C19947000FB7F69 /* WatchDic.app */ = {isa = PBXFileReference; explicitFileType = wrapper.application; includeInIndex = 0; path = WatchDic.app; sourceTree = BUILT_PRODUCTS_DIR; };
		8771A8231C19947000FB7F69 /* AppDelegate.swift */ = {isa = PBXFileReference; lastKnownFileType = sourcecode.swift; path = AppDelegate.swift; sourceTree = "<group>"; };
		8771A8251C19947000FB7F69 /* ViewController.swift */ = {isa = PBXFileReference; lastKnownFileType = sourcecode.swift; path = ViewController.swift; sourceTree = "<group>"; };
		8771A8281C19947000FB7F69 /* Base */ = {isa = PBXFileReference; lastKnownFileType = file.storyboard; name = Base; path = Base.lproj/Main.storyboard; sourceTree = "<group>"; };
		8771A82A1C19947000FB7F69 /* Assets.xcassets */ = {isa = PBXFileReference; lastKnownFileType = folder.assetcatalog; path = Assets.xcassets; sourceTree = "<group>"; };
		8771A82D1C19947000FB7F69 /* Base */ = {isa = PBXFileReference; lastKnownFileType = file.storyboard; name = Base; path = Base.lproj/LaunchScreen.storyboard; sourceTree = "<group>"; };
		8771A82F1C19947000FB7F69 /* Info.plist */ = {isa = PBXFileReference; lastKnownFileType = text.plist.xml; path = Info.plist; sourceTree = "<group>"; };
		8771A8341C19947000FB7F69 /* WatchDicTests.xctest */ = {isa = PBXFileReference; explicitFileType = wrapper.cfbundle; includeInIndex = 0; path = WatchDicTests.xctest; sourceTree = BUILT_PRODUCTS_DIR; };
		8771A8381C19947000FB7F69 /* WatchDicTests.swift */ = {isa = PBXFileReference; lastKnownFileType = sourcecode.swift; path = WatchDicTests.swift; sourceTree = "<group>"; };
		8771A83A1C19947000FB7F69 /* Info.plist */ = {isa = PBXFileReference; lastKnownFileType = text.plist.xml; path = Info.plist; sourceTree = "<group>"; };
		8771A83F1C19947000FB7F69 /* WatchDicUITests.xctest */ = {isa = PBXFileReference; explicitFileType = wrapper.cfbundle; includeInIndex = 0; path = WatchDicUITests.xctest; sourceTree = BUILT_PRODUCTS_DIR; };
		8771A8431C19947000FB7F69 /* WatchDicUITests.swift */ = {isa = PBXFileReference; lastKnownFileType = sourcecode.swift; path = WatchDicUITests.swift; sourceTree = "<group>"; };
		8771A8451C19947000FB7F69 /* Info.plist */ = {isa = PBXFileReference; lastKnownFileType = text.plist.xml; path = Info.plist; sourceTree = "<group>"; };
		8771A8511C19A34F00FB7F69 /* DetailViewController.swift */ = {isa = PBXFileReference; fileEncoding = 4; lastKnownFileType = sourcecode.swift; path = DetailViewController.swift; sourceTree = "<group>"; };
/* End PBXFileReference section */

/* Begin PBXFrameworksBuildPhase section */
		8771A81D1C19947000FB7F69 /* Frameworks */ = {
			isa = PBXFrameworksBuildPhase;
			buildActionMask = 2147483647;
			files = (
			);
			runOnlyForDeploymentPostprocessing = 0;
		};
		8771A8311C19947000FB7F69 /* Frameworks */ = {
			isa = PBXFrameworksBuildPhase;
			buildActionMask = 2147483647;
			files = (
			);
			runOnlyForDeploymentPostprocessing = 0;
		};
		8771A83C1C19947000FB7F69 /* Frameworks */ = {
			isa = PBXFrameworksBuildPhase;
			buildActionMask = 2147483647;
			files = (
			);
			runOnlyForDeploymentPostprocessing = 0;
		};
/* End PBXFrameworksBuildPhase section */

/* Begin PBXGroup section */
		8771A8171C19947000FB7F69 = {
			isa = PBXGroup;
			children = (
				8771A8221C19947000FB7F69 /* WatchDic */,
				8771A8371C19947000FB7F69 /* WatchDicTests */,
				8771A8421C19947000FB7F69 /* WatchDicUITests */,
				8771A8211C19947000FB7F69 /* Products */,
			);
			sourceTree = "<group>";
		};
		8771A8211C19947000FB7F69 /* Products */ = {
			isa = PBXGroup;
			children = (
				8771A8201C19947000FB7F69 /* WatchDic.app */,
				8771A8341C19947000FB7F69 /* WatchDicTests.xctest */,
				8771A83F1C19947000FB7F69 /* WatchDicUITests.xctest */,
			);
			name = Products;
			sourceTree = "<group>";
		};
		8771A8221C19947000FB7F69 /* WatchDic */ = {
			isa = PBXGroup;
			children = (
				8771A8231C19947000FB7F69 /* AppDelegate.swift */,
				8771A8251C19947000FB7F69 /* ViewController.swift */,
				8771A8271C19947000FB7F69 /* Main.storyboard */,
				8771A82A1C19947000FB7F69 /* Assets.xcassets */,
				8771A82C1C19947000FB7F69 /* LaunchScreen.storyboard */,
				8771A82F1C19947000FB7F69 /* Info.plist */,
				8771A8511C19A34F00FB7F69 /* DetailViewController.swift */,
			);
			path = WatchDic;
			sourceTree = "<group>";
		};
		8771A8371C19947000FB7F69 /* WatchDicTests */ = {
			isa = PBXGroup;
			children = (
				8771A8381C19947000FB7F69 /* WatchDicTests.swift */,
				8771A83A1C19947000FB7F69 /* Info.plist */,
			);
			path = WatchDicTests;
			sourceTree = "<group>";
		};
		8771A8421C19947000FB7F69 /* WatchDicUITests */ = {
			isa = PBXGroup;
			children = (
				8771A8431C19947000FB7F69 /* WatchDicUITests.swift */,
				8771A8451C19947000FB7F69 /* Info.plist */,
			);
			path = WatchDicUITests;
			sourceTree = "<group>";
		};
/* End PBXGroup section */

/* Begin PBXNativeTarget section */
		8771A81F1C19947000FB7F69 /* WatchDic */ = {
			isa = PBXNativeTarget;
			buildConfigurationList = 8771A8481C19947000FB7F69 /* Build configuration list for PBXNativeTarget "WatchDic" */;
			buildPhases = (
				8771A81C1C19947000FB7F69 /* Sources */,
				8771A81D1C19947000FB7F69 /* Frameworks */,
				8771A81E1C19947000FB7F69 /* Resources */,
			);
			buildRules = (
			);
			dependencies = (
			);
			name = WatchDic;
			productName = WatchDic;
			productReference = 8771A8201C19947000FB7F69 /* WatchDic.app */;
			productType = "com.apple.product-type.application";
		};
		8771A8331C19947000FB7F69 /* WatchDicTests */ = {
			isa = PBXNativeTarget;
			buildConfigurationList = 8771A84B1C19947000FB7F69 /* Build configuration list for PBXNativeTarget "WatchDicTests" */;
			buildPhases = (
				8771A8301C19947000FB7F69 /* Sources */,
				8771A8311C19947000FB7F69 /* Frameworks */,
				8771A8321C19947000FB7F69 /* Resources */,
			);
			buildRules = (
			);
			dependencies = (
				8771A8361C19947000FB7F69 /* PBXTargetDependency */,
			);
			name = WatchDicTests;
			productName = WatchDicTests;
			productReference = 8771A8341C19947000FB7F69 /* WatchDicTests.xctest */;
			productType = "com.apple.product-type.bundle.unit-test";
		};
		8771A83E1C19947000FB7F69 /* WatchDicUITests */ = {
			isa = PBXNativeTarget;
			buildConfigurationList = 8771A84E1C19947000FB7F69 /* Build configuration list for PBXNativeTarget "WatchDicUITests" */;
			buildPhases = (
				8771A83B1C19947000FB7F69 /* Sources */,
				8771A83C1C19947000FB7F69 /* Frameworks */,
				8771A83D1C19947000FB7F69 /* Resources */,
			);
			buildRules = (
			);
			dependencies = (
				8771A8411C19947000FB7F69 /* PBXTargetDependency */,
			);
			name = WatchDicUITests;
			productName = WatchDicUITests;
			productReference = 8771A83F1C19947000FB7F69 /* WatchDicUITests.xctest */;
			productType = "com.apple.product-type.bundle.ui-testing";
		};
/* End PBXNativeTarget section */

/* Begin PBXProject section */
		8771A8181C19947000FB7F69 /* Project object */ = {
			isa = PBXProject;
			attributes = {
				LastSwiftUpdateCheck = 0710;
				LastUpgradeCheck = 0710;
				ORGANIZATIONNAME = masahiro_hori;
				TargetAttributes = {
					8771A81F1C19947000FB7F69 = {
						CreatedOnToolsVersion = 7.1;
					};
					8771A8331C19947000FB7F69 = {
						CreatedOnToolsVersion = 7.1;
						TestTargetID = 8771A81F1C19947000FB7F69;
					};
					8771A83E1C19947000FB7F69 = {
						CreatedOnToolsVersion = 7.1;
						TestTargetID = 8771A81F1C19947000FB7F69;
					};
				};
			};
			buildConfigurationList = 8771A81B1C19947000FB7F69 /* Build configuration list for PBXProject "WatchDic" */;
			compatibilityVersion = "Xcode 3.2";
			developmentRegion = English;
			hasScannedForEncodings = 0;
			knownRegions = (
				en,
				Base,
			);
			mainGroup = 8771A8171C19947000FB7F69;
			productRefGroup = 8771A8211C19947000FB7F69 /* Products */;
			projectDirPath = "";
			projectRoot = "";
			targets = (
				8771A81F1C19947000FB7F69 /* WatchDic */,
				8771A8331C19947000FB7F69 /* WatchDicTests */,
				8771A83E1C19947000FB7F69 /* WatchDicUITests */,
			);
		};
/* End PBXProject section */

/* Begin PBXResourcesBuildPhase section */
		8771A81E1C19947000FB7F69 /* Resources */ = {
			isa = PBXResourcesBuildPhase;
			buildActionMask = 2147483647;
			files = (
				8771A82E1C19947000FB7F69 /* LaunchScreen.storyboard in Resources */,
				8771A82B1C19947000FB7F69 /* Assets.xcassets in Resources */,
				8771A8291C19947000FB7F69 /* Main.storyboard in Resources */,
			);
			runOnlyForDeploymentPostprocessing = 0;
		};
		8771A8321C19947000FB7F69 /* Resources */ = {
			isa = PBXResourcesBuildPhase;
			buildActionMask = 2147483647;
			files = (
			);
			runOnlyForDeploymentPostprocessing = 0;
		};
		8771A83D1C19947000FB7F69 /* Resources */ = {
			isa = PBXResourcesBuildPhase;
			buildActionMask = 2147483647;
			files = (
			);
			runOnlyForDeploymentPostprocessing = 0;
		};
/* End PBXResourcesBuildPhase section */

/* Begin PBXSourcesBuildPhase section */
		8771A81C1C19947000FB7F69 /* Sources */ = {
			isa = PBXSourcesBuildPhase;
			buildActionMask = 2147483647;
			files = (
				8771A8521C19A34F00FB7F69 /* DetailViewController.swift in Sources */,
				8771A8261C19947000FB7F69 /* ViewController.swift in Sources */,
				8771A8241C19947000FB7F69 /* AppDelegate.swift in Sources */,
			);
			runOnlyForDeploymentPostprocessing = 0;
		};
		8771A8301C19947000FB7F69 /* Sources */ = {
			isa = PBXSourcesBuildPhase;
			buildActionMask = 2147483647;
			files = (
				8771A8391C19947000FB7F69 /* WatchDicTests.swift in Sources */,
			);
			runOnlyForDeploymentPostprocessing = 0;
		};
		8771A83B1C19947000FB7F69 /* Sources */ = {
			isa = PBXSourcesBuildPhase;
			buildActionMask = 2147483647;
			files = (
				8771A8441C19947000FB7F69 /* WatchDicUITests.swift in Sources */,
			);
			runOnlyForDeploymentPostprocessing = 0;
		};
/* End PBXSourcesBuildPhase section */

/* Begin PBXTargetDependency section */
		8771A8361C19947000FB7F69 /* PBXTargetDependency */ = {
			isa = PBXTargetDependency;
			target = 8771A81F1C19947000FB7F69 /* WatchDic */;
			targetProxy = 8771A8351C19947000FB7F69 /* PBXContainerItemProxy */;
		};
		8771A8411C19947000FB7F69 /* PBXTargetDependency */ = {
			isa = PBXTargetDependency;
			target = 8771A81F1C19947000FB7F69 /* WatchDic */;
			targetProxy = 8771A8401C19947000FB7F69 /* PBXContainerItemProxy */;
		};
/* End PBXTargetDependency section */

/* Begin PBXVariantGroup section */
		8771A8271C19947000FB7F69 /* Main.storyboard */ = {
			isa = PBXVariantGroup;
			children = (
				8771A8281C19947000FB7F69 /* Base */,
			);
			name = Main.storyboard;
			sourceTree = "<group>";
		};
		8771A82C1C19947000FB7F69 /* LaunchScreen.storyboard */ = {
			isa = PBXVariantGroup;
			children = (
				8771A82D1C19947000FB7F69 /* Base */,
			);
			name = LaunchScreen.storyboard;
			sourceTree = "<group>";
		};
/* End PBXVariantGroup section */

/* Begin XCBuildConfiguration section */
		8771A8461C19947000FB7F69 /* Debug */ = {
			isa = XCBuildConfiguration;
			buildSettings = {
				ALWAYS_SEARCH_USER_PATHS = NO;
				CLANG_CXX_LANGUAGE_STANDARD = "gnu++0x";
				CLANG_CXX_LIBRARY = "libc++";
				CLANG_ENABLE_MODULES = YES;
				CLANG_ENABLE_OBJC_ARC = YES;
				CLANG_WARN_BOOL_CONVERSION = YES;
				CLANG_WARN_CONSTANT_CONVERSION = YES;
				CLANG_WARN_DIRECT_OBJC_ISA_USAGE = YES_ERROR;
				CLANG_WARN_EMPTY_BODY = YES;
				CLANG_WARN_ENUM_CONVERSION = YES;
				CLANG_WARN_INT_CONVERSION = YES;
				CLANG_WARN_OBJC_ROOT_CLASS = YES_ERROR;
				CLANG_WARN_UNREACHABLE_CODE = YES;
				CLANG_WARN__DUPLICATE_METHOD_MATCH = YES;
				"CODE_SIGN_IDENTITY[sdk=iphoneos*]" = "iPhone Developer";
				COPY_PHASE_STRIP = NO;
				DEBUG_INFORMATION_FORMAT = dwarf;
				ENABLE_STRICT_OBJC_MSGSEND = YES;
				ENABLE_TESTABILITY = YES;
				GCC_C_LANGUAGE_STANDARD = gnu99;
				GCC_DYNAMIC_NO_PIC = NO;
				GCC_NO_COMMON_BLOCKS = YES;
				GCC_OPTIMIZATION_LEVEL = 0;
				GCC_PREPROCESSOR_DEFINITIONS = (
					"DEBUG=1",
					"$(inherited)",
				);
				GCC_WARN_64_TO_32_BIT_CONVERSION = YES;
				GCC_WARN_ABOUT_RETURN_TYPE = YES_ERROR;
				GCC_WARN_UNDECLARED_SELECTOR = YES;
				GCC_WARN_UNINITIALIZED_AUTOS = YES_AGGRESSIVE;
				GCC_WARN_UNUSED_FUNCTION = YES;
				GCC_WARN_UNUSED_VARIABLE = YES;
				IPHONEOS_DEPLOYMENT_TARGET = 9.1;
				MTL_ENABLE_DEBUG_INFO = YES;
				ONLY_ACTIVE_ARCH = YES;
				SDKROOT = iphoneos;
				SWIFT_OPTIMIZATION_LEVEL = "-Onone";
			};
			name = Debug;
		};
		8771A8471C19947000FB7F69 /* Release */ = {
			isa = XCBuildConfiguration;
			buildSettings = {
				ALWAYS_SEARCH_USER_PATHS = NO;
				CLANG_CXX_LANGUAGE_STANDARD = "gnu++0x";
				CLANG_CXX_LIBRARY = "libc++";
				CLANG_ENABLE_MODULES = YES;
				CLANG_ENABLE_OBJC_ARC = YES;
				CLANG_WARN_BOOL_CONVERSION = YES;
				CLANG_WARN_CONSTANT_CONVERSION = YES;
				CLANG_WARN_DIRECT_OBJC_ISA_USAGE = YES_ERROR;
				CLANG_WARN_EMPTY_BODY = YES;
				CLANG_WARN_ENUM_CONVERSION = YES;
				CLANG_WARN_INT_CONVERSION = YES;
				CLANG_WARN_OBJC_ROOT_CLASS = YES_ERROR;
				CLANG_WARN_UNREACHABLE_CODE = YES;
				CLANG_WARN__DUPLICATE_METHOD_MATCH = YES;
				"CODE_SIGN_IDENTITY[sdk=iphoneos*]" = "iPhone Developer";
				COPY_PHASE_STRIP = NO;
				DEBUG_INFORMATION_FORMAT = "dwarf-with-dsym";
				ENABLE_NS_ASSERTIONS = NO;
				ENABLE_STRICT_OBJC_MSGSEND = YES;
				GCC_C_LANGUAGE_STANDARD = gnu99;
				GCC_NO_COMMON_BLOCKS = YES;
				GCC_WARN_64_TO_32_BIT_CONVERSION = YES;
				GCC_WARN_ABOUT_RETURN_TYPE = YES_ERROR;
				GCC_WARN_UNDECLARED_SELECTOR = YES;
				GCC_WARN_UNINITIALIZED_AUTOS = YES_AGGRESSIVE;
				GCC_WARN_UNUSED_FUNCTION = YES;
				GCC_WARN_UNUSED_VARIABLE = YES;
				IPHONEOS_DEPLOYMENT_TARGET = 9.1;
				MTL_ENABLE_DEBUG_INFO = NO;
				SDKROOT = iphoneos;
				VALIDATE_PRODUCT = YES;
			};
			name = Release;
		};
		8771A8491C19947000FB7F69 /* Debug */ = {
			isa = XCBuildConfiguration;
			buildSettings = {
				ASSETCATALOG_COMPILER_APPICON_NAME = AppIcon;
				INFOPLIST_FILE = WatchDic/Info.plist;
				LD_RUNPATH_SEARCH_PATHS = "$(inherited) @executable_path/Frameworks";
				PRODUCT_BUNDLE_IDENTIFIER = private.WatchDic;
				PRODUCT_NAME = "$(TARGET_NAME)";
			};
			name = Debug;
		};
		8771A84A1C19947000FB7F69 /* Release */ = {
			isa = XCBuildConfiguration;
			buildSettings = {
				ASSETCATALOG_COMPILER_APPICON_NAME = AppIcon;
				INFOPLIST_FILE = WatchDic/Info.plist;
				LD_RUNPATH_SEARCH_PATHS = "$(inherited) @executable_path/Frameworks";
				PRODUCT_BUNDLE_IDENTIFIER = private.WatchDic;
				PRODUCT_NAME = "$(TARGET_NAME)";
			};
			name = Release;
		};
		8771A84C1C19947000FB7F69 /* Debug */ = {
			isa = XCBuildConfiguration;
			buildSettings = {
				BUNDLE_LOADER = "$(TEST_HOST)";
				INFOPLIST_FILE = WatchDicTests/Info.plist;
				LD_RUNPATH_SEARCH_PATHS = "$(inherited) @executable_path/Frameworks @loader_path/Frameworks";
				PRODUCT_BUNDLE_IDENTIFIER = private.WatchDicTests;
				PRODUCT_NAME = "$(TARGET_NAME)";
				TEST_HOST = "$(BUILT_PRODUCTS_DIR)/WatchDic.app/WatchDic";
			};
			name = Debug;
		};
		8771A84D1C19947000FB7F69 /* Release */ = {
			isa = XCBuildConfiguration;
			buildSettings = {
				BUNDLE_LOADER = "$(TEST_HOST)";
				INFOPLIST_FILE = WatchDicTests/Info.plist;
				LD_RUNPATH_SEARCH_PATHS = "$(inherited) @executable_path/Frameworks @loader_path/Frameworks";
				PRODUCT_BUNDLE_IDENTIFIER = private.WatchDicTests;
				PRODUCT_NAME = "$(TARGET_NAME)";
				TEST_HOST = "$(BUILT_PRODUCTS_DIR)/WatchDic.app/WatchDic";
			};
			name = Release;
		};
		8771A84F1C19947000FB7F69 /* Debug */ = {
			isa = XCBuildConfiguration;
			buildSettings = {
				INFOPLIST_FILE = WatchDicUITests/Info.plist;
				LD_RUNPATH_SEARCH_PATHS = "$(inherited) @executable_path/Frameworks @loader_path/Frameworks";
				PRODUCT_BUNDLE_IDENTIFIER = private.WatchDicUITests;
				PRODUCT_NAME = "$(TARGET_NAME)";
				TEST_TARGET_NAME = WatchDic;
				USES_XCTRUNNER = YES;
			};
			name = Debug;
		};
		8771A8501C19947000FB7F69 /* Release */ = {
			isa = XCBuildConfiguration;
			buildSettings = {
				INFOPLIST_FILE = WatchDicUITests/Info.plist;
				LD_RUNPATH_SEARCH_PATHS = "$(inherited) @executable_path/Frameworks @loader_path/Frameworks";
				PRODUCT_BUNDLE_IDENTIFIER = private.WatchDicUITests;
				PRODUCT_NAME = "$(TARGET_NAME)";
				TEST_TARGET_NAME = WatchDic;
				USES_XCTRUNNER = YES;
			};
			name = Release;
		};
/* End XCBuildConfiguration section */

/* Begin XCConfigurationList section */
		8771A81B1C19947000FB7F69 /* Build configuration list for PBXProject "WatchDic" */ = {
			isa = XCConfigurationList;
			buildConfigurations = (
				8771A8461C19947000FB7F69 /* Debug */,
				8771A8471C19947000FB7F69 /* Release */,
			);
			defaultConfigurationIsVisible = 0;
			defaultConfigurationName = Release;
		};
		8771A8481C19947000FB7F69 /* Build configuration list for PBXNativeTarget "WatchDic" */ = {
			isa = XCConfigurationList;
			buildConfigurations = (
				8771A8491C19947000FB7F69 /* Debug */,
				8771A84A1C19947000FB7F69 /* Release */,
			);
			defaultConfigurationIsVisible = 0;
		};
		8771A84B1C19947000FB7F69 /* Build configuration list for PBXNativeTarget "WatchDicTests" */ = {
			isa = XCConfigurationList;
			buildConfigurations = (
				8771A84C1C19947000FB7F69 /* Debug */,
				8771A84D1C19947000FB7F69 /* Release */,
			);
			defaultConfigurationIsVisible = 0;
		};
		8771A84E1C19947000FB7F69 /* Build configuration list for PBXNativeTarget "WatchDicUITests" */ = {
			isa = XCConfigurationList;
			buildConfigurations = (
				8771A84F1C19947000FB7F69 /* Debug */,
				8771A8501C19947000FB7F69 /* Release */,
			);
			defaultConfigurationIsVisible = 0;
		};
/* End XCConfigurationList section */
	};
	rootObject = 8771A8181C19947000FB7F69 /* Project object */;
}
