// !$*UTF8*$!
{
	archiveVersion = 1;
	classes = {
	};
	objectVersion = 46;
	objects = {

/* Begin PBXBuildFile section */
		87373E5A1C11A1AC0088FF92 /* AppDelegate.swift in Sources */ = {isa = PBXBuildFile; fileRef = 87373E591C11A1AC0088FF92 /* AppDelegate.swift */; };
		87373E5C1C11A1AC0088FF92 /* FirstViewController.swift in Sources */ = {isa = PBXBuildFile; fileRef = 87373E5B1C11A1AC0088FF92 /* FirstViewController.swift */; };
		87373E5E1C11A1AC0088FF92 /* SecondViewController.swift in Sources */ = {isa = PBXBuildFile; fileRef = 87373E5D1C11A1AC0088FF92 /* SecondViewController.swift */; };
		87373E611C11A1AC0088FF92 /* Main.storyboard in Resources */ = {isa = PBXBuildFile; fileRef = 87373E5F1C11A1AC0088FF92 /* Main.storyboard */; };
		87373E631C11A1AC0088FF92 /* Assets.xcassets in Resources */ = {isa = PBXBuildFile; fileRef = 87373E621C11A1AC0088FF92 /* Assets.xcassets */; };
		87373E661C11A1AC0088FF92 /* LaunchScreen.storyboard in Resources */ = {isa = PBXBuildFile; fileRef = 87373E641C11A1AC0088FF92 /* LaunchScreen.storyboard */; };
		87DA10541C11DC80003092A8 /* thirdViewController.swift in Sources */ = {isa = PBXBuildFile; fileRef = 87DA10531C11DC80003092A8 /* thirdViewController.swift */; };
/* End PBXBuildFile section */

/* Begin PBXFileReference section */
		87373E561C11A1AC0088FF92 /* convertUnix.app */ = {isa = PBXFileReference; explicitFileType = wrapper.application; includeInIndex = 0; path = convertUnix.app; sourceTree = BUILT_PRODUCTS_DIR; };
		87373E591C11A1AC0088FF92 /* AppDelegate.swift */ = {isa = PBXFileReference; lastKnownFileType = sourcecode.swift; path = AppDelegate.swift; sourceTree = "<group>"; };
		87373E5B1C11A1AC0088FF92 /* FirstViewController.swift */ = {isa = PBXFileReference; lastKnownFileType = sourcecode.swift; path = FirstViewController.swift; sourceTree = "<group>"; };
		87373E5D1C11A1AC0088FF92 /* SecondViewController.swift */ = {isa = PBXFileReference; lastKnownFileType = sourcecode.swift; path = SecondViewController.swift; sourceTree = "<group>"; };
		87373E601C11A1AC0088FF92 /* Base */ = {isa = PBXFileReference; lastKnownFileType = file.storyboard; name = Base; path = Base.lproj/Main.storyboard; sourceTree = "<group>"; };
		87373E621C11A1AC0088FF92 /* Assets.xcassets */ = {isa = PBXFileReference; lastKnownFileType = folder.assetcatalog; path = Assets.xcassets; sourceTree = "<group>"; };
		87373E651C11A1AC0088FF92 /* Base */ = {isa = PBXFileReference; lastKnownFileType = file.storyboard; name = Base; path = Base.lproj/LaunchScreen.storyboard; sourceTree = "<group>"; };
		87373E671C11A1AC0088FF92 /* Info.plist */ = {isa = PBXFileReference; lastKnownFileType = text.plist.xml; path = Info.plist; sourceTree = "<group>"; };
		87DA10531C11DC80003092A8 /* thirdViewController.swift */ = {isa = PBXFileReference; fileEncoding = 4; lastKnownFileType = sourcecode.swift; path = thirdViewController.swift; sourceTree = "<group>"; };
/* End PBXFileReference section */

/* Begin PBXFrameworksBuildPhase section */
		87373E531C11A1AC0088FF92 /* Frameworks */ = {
			isa = PBXFrameworksBuildPhase;
			buildActionMask = 2147483647;
			files = (
			);
			runOnlyForDeploymentPostprocessing = 0;
		};
/* End PBXFrameworksBuildPhase section */

/* Begin PBXGroup section */
		87373E4D1C11A1AC0088FF92 = {
			isa = PBXGroup;
			children = (
				87373E581C11A1AC0088FF92 /* convertUnix */,
				87373E571C11A1AC0088FF92 /* Products */,
			);
			sourceTree = "<group>";
		};
		87373E571C11A1AC0088FF92 /* Products */ = {
			isa = PBXGroup;
			children = (
				87373E561C11A1AC0088FF92 /* convertUnix.app */,
			);
			name = Products;
			sourceTree = "<group>";
		};
		87373E581C11A1AC0088FF92 /* convertUnix */ = {
			isa = PBXGroup;
			children = (
				87373E591C11A1AC0088FF92 /* AppDelegate.swift */,
				87373E5B1C11A1AC0088FF92 /* FirstViewController.swift */,
				87373E5D1C11A1AC0088FF92 /* SecondViewController.swift */,
				87373E5F1C11A1AC0088FF92 /* Main.storyboard */,
				87373E621C11A1AC0088FF92 /* Assets.xcassets */,
				87373E641C11A1AC0088FF92 /* LaunchScreen.storyboard */,
				87373E671C11A1AC0088FF92 /* Info.plist */,
				87DA10531C11DC80003092A8 /* thirdViewController.swift */,
			);
			path = convertUnix;
			sourceTree = "<group>";
		};
/* End PBXGroup section */

/* Begin PBXNativeTarget section */
		87373E551C11A1AC0088FF92 /* convertUnix */ = {
			isa = PBXNativeTarget;
			buildConfigurationList = 87373E6A1C11A1AC0088FF92 /* Build configuration list for PBXNativeTarget "convertUnix" */;
			buildPhases = (
				87373E521C11A1AC0088FF92 /* Sources */,
				87373E531C11A1AC0088FF92 /* Frameworks */,
				87373E541C11A1AC0088FF92 /* Resources */,
			);
			buildRules = (
			);
			dependencies = (
			);
			name = convertUnix;
			productName = convertUnix;
			productReference = 87373E561C11A1AC0088FF92 /* convertUnix.app */;
			productType = "com.apple.product-type.application";
		};
/* End PBXNativeTarget section */

/* Begin PBXProject section */
		87373E4E1C11A1AC0088FF92 /* Project object */ = {
			isa = PBXProject;
			attributes = {
				LastSwiftUpdateCheck = 0710;
				LastUpgradeCheck = 0710;
				ORGANIZATIONNAME = masahiro_hori;
				TargetAttributes = {
					87373E551C11A1AC0088FF92 = {
						CreatedOnToolsVersion = 7.1;
					};
				};
			};
			buildConfigurationList = 87373E511C11A1AC0088FF92 /* Build configuration list for PBXProject "convertUnix" */;
			compatibilityVersion = "Xcode 3.2";
			developmentRegion = English;
			hasScannedForEncodings = 0;
			knownRegions = (
				en,
				Base,
			);
			mainGroup = 87373E4D1C11A1AC0088FF92;
			productRefGroup = 87373E571C11A1AC0088FF92 /* Products */;
			projectDirPath = "";
			projectRoot = "";
			targets = (
				87373E551C11A1AC0088FF92 /* convertUnix */,
			);
		};
/* End PBXProject section */

/* Begin PBXResourcesBuildPhase section */
		87373E541C11A1AC0088FF92 /* Resources */ = {
			isa = PBXResourcesBuildPhase;
			buildActionMask = 2147483647;
			files = (
				87373E661C11A1AC0088FF92 /* LaunchScreen.storyboard in Resources */,
				87373E631C11A1AC0088FF92 /* Assets.xcassets in Resources */,
				87373E611C11A1AC0088FF92 /* Main.storyboard in Resources */,
			);
			runOnlyForDeploymentPostprocessing = 0;
		};
/* End PBXResourcesBuildPhase section */

/* Begin PBXSourcesBuildPhase section */
		87373E521C11A1AC0088FF92 /* Sources */ = {
			isa = PBXSourcesBuildPhase;
			buildActionMask = 2147483647;
			files = (
				87373E5E1C11A1AC0088FF92 /* SecondViewController.swift in Sources */,
				87373E5A1C11A1AC0088FF92 /* AppDelegate.swift in Sources */,
				87DA10541C11DC80003092A8 /* thirdViewController.swift in Sources */,
				87373E5C1C11A1AC0088FF92 /* FirstViewController.swift in Sources */,
			);
			runOnlyForDeploymentPostprocessing = 0;
		};
/* End PBXSourcesBuildPhase section */

/* Begin PBXVariantGroup section */
		87373E5F1C11A1AC0088FF92 /* Main.storyboard */ = {
			isa = PBXVariantGroup;
			children = (
				87373E601C11A1AC0088FF92 /* Base */,
			);
			name = Main.storyboard;
			sourceTree = "<group>";
		};
		87373E641C11A1AC0088FF92 /* LaunchScreen.storyboard */ = {
			isa = PBXVariantGroup;
			children = (
				87373E651C11A1AC0088FF92 /* Base */,
			);
			name = LaunchScreen.storyboard;
			sourceTree = "<group>";
		};
/* End PBXVariantGroup section */

/* Begin XCBuildConfiguration section */
		87373E681C11A1AC0088FF92 /* Debug */ = {
			isa = XCBuildConfiguration;
			buildSettings = {
				ALWAYS_SEARCH_USER_PATHS = NO;
				CLANG_CXX_LANGUAGE_STANDARD = "gnu++0x";
				CLANG_CXX_LIBRARY = "libc++";
				CLANG_ENABLE_MODULES = YES;
				CLANG_ENABLE_OBJC_ARC = YES;
				CLANG_WARN_BOOL_CONVERSION = YES;
				CLANG_WARN_CONSTANT_CONVERSION = YES;
				CLANG_WARN_DIRECT_OBJC_ISA_USAGE = YES_ERROR;
				CLANG_WARN_EMPTY_BODY = YES;
				CLANG_WARN_ENUM_CONVERSION = YES;
				CLANG_WARN_INT_CONVERSION = YES;
				CLANG_WARN_OBJC_ROOT_CLASS = YES_ERROR;
				CLANG_WARN_UNREACHABLE_CODE = YES;
				CLANG_WARN__DUPLICATE_METHOD_MATCH = YES;
				"CODE_SIGN_IDENTITY[sdk=iphoneos*]" = "iPhone Developer";
				COPY_PHASE_STRIP = NO;
				DEBUG_INFORMATION_FORMAT = dwarf;
				ENABLE_STRICT_OBJC_MSGSEND = YES;
				ENABLE_TESTABILITY = YES;
				GCC_C_LANGUAGE_STANDARD = gnu99;
				GCC_DYNAMIC_NO_PIC = NO;
				GCC_NO_COMMON_BLOCKS = YES;
				GCC_OPTIMIZATION_LEVEL = 0;
				GCC_PREPROCESSOR_DEFINITIONS = (
					"DEBUG=1",
					"$(inherited)",
				);
				GCC_WARN_64_TO_32_BIT_CONVERSION = YES;
				GCC_WARN_ABOUT_RETURN_TYPE = YES_ERROR;
				GCC_WARN_UNDECLARED_SELECTOR = YES;
				GCC_WARN_UNINITIALIZED_AUTOS = YES_AGGRESSIVE;
				GCC_WARN_UNUSED_FUNCTION = YES;
				GCC_WARN_UNUSED_VARIABLE = YES;
				IPHONEOS_DEPLOYMENT_TARGET = 9.1;
				MTL_ENABLE_DEBUG_INFO = YES;
				ONLY_ACTIVE_ARCH = YES;
				SDKROOT = iphoneos;
				SWIFT_OPTIMIZATION_LEVEL = "-Onone";
			};
			name = Debug;
		};
		87373E691C11A1AC0088FF92 /* Release */ = {
			isa = XCBuildConfiguration;
			buildSettings = {
				ALWAYS_SEARCH_USER_PATHS = NO;
				CLANG_CXX_LANGUAGE_STANDARD = "gnu++0x";
				CLANG_CXX_LIBRARY = "libc++";
				CLANG_ENABLE_MODULES = YES;
				CLANG_ENABLE_OBJC_ARC = YES;
				CLANG_WARN_BOOL_CONVERSION = YES;
				CLANG_WARN_CONSTANT_CONVERSION = YES;
				CLANG_WARN_DIRECT_OBJC_ISA_USAGE = YES_ERROR;
				CLANG_WARN_EMPTY_BODY = YES;
				CLANG_WARN_ENUM_CONVERSION = YES;
				CLANG_WARN_INT_CONVERSION = YES;
				CLANG_WARN_OBJC_ROOT_CLASS = YES_ERROR;
				CLANG_WARN_UNREACHABLE_CODE = YES;
				CLANG_WARN__DUPLICATE_METHOD_MATCH = YES;
				"CODE_SIGN_IDENTITY[sdk=iphoneos*]" = "iPhone Developer";
				COPY_PHASE_STRIP = NO;
				DEBUG_INFORMATION_FORMAT = "dwarf-with-dsym";
				ENABLE_NS_ASSERTIONS = NO;
				ENABLE_STRICT_OBJC_MSGSEND = YES;
				GCC_C_LANGUAGE_STANDARD = gnu99;
				GCC_NO_COMMON_BLOCKS = YES;
				GCC_WARN_64_TO_32_BIT_CONVERSION = YES;
				GCC_WARN_ABOUT_RETURN_TYPE = YES_ERROR;
				GCC_WARN_UNDECLARED_SELECTOR = YES;
				GCC_WARN_UNINITIALIZED_AUTOS = YES_AGGRESSIVE;
				GCC_WARN_UNUSED_FUNCTION = YES;
				GCC_WARN_UNUSED_VARIABLE = YES;
				IPHONEOS_DEPLOYMENT_TARGET = 9.1;
				MTL_ENABLE_DEBUG_INFO = NO;
				SDKROOT = iphoneos;
				VALIDATE_PRODUCT = YES;
			};
			name = Release;
		};
		87373E6B1C11A1AC0088FF92 /* Debug */ = {
			isa = XCBuildConfiguration;
			buildSettings = {
				ASSETCATALOG_COMPILER_APPICON_NAME = AppIcon;
				INFOPLIST_FILE = convertUnix/Info.plist;
				LD_RUNPATH_SEARCH_PATHS = "$(inherited) @executable_path/Frameworks";
				PRODUCT_BUNDLE_IDENTIFIER = private.convertUnix;
				PRODUCT_NAME = "$(TARGET_NAME)";
			};
			name = Debug;
		};
		87373E6C1C11A1AC0088FF92 /* Release */ = {
			isa = XCBuildConfiguration;
			buildSettings = {
				ASSETCATALOG_COMPILER_APPICON_NAME = AppIcon;
				INFOPLIST_FILE = convertUnix/Info.plist;
				LD_RUNPATH_SEARCH_PATHS = "$(inherited) @executable_path/Frameworks";
				PRODUCT_BUNDLE_IDENTIFIER = private.convertUnix;
				PRODUCT_NAME = "$(TARGET_NAME)";
			};
			name = Release;
		};
/* End XCBuildConfiguration section */

/* Begin XCConfigurationList section */
		87373E511C11A1AC0088FF92 /* Build configuration list for PBXProject "convertUnix" */ = {
			isa = XCConfigurationList;
			buildConfigurations = (
				87373E681C11A1AC0088FF92 /* Debug */,
				87373E691C11A1AC0088FF92 /* Release */,
			);
			defaultConfigurationIsVisible = 0;
			defaultConfigurationName = Release;
		};
		87373E6A1C11A1AC0088FF92 /* Build configuration list for PBXNativeTarget "convertUnix" */ = {
			isa = XCConfigurationList;
			buildConfigurations = (
				87373E6B1C11A1AC0088FF92 /* Debug */,
				87373E6C1C11A1AC0088FF92 /* Release */,
			);
			defaultConfigurationIsVisible = 0;
			defaultConfigurationName = Release;
		};
/* End XCConfigurationList section */
	};
	rootObject = 87373E4E1C11A1AC0088FF92 /* Project object */;
}
